
Microsoft Visual Studio Solution File, Format Version 12.00
# Visual Studio Version 16
VisualStudioVersion = 16.0.30204.135
MinimumVisualStudioVersion = 10.0.40219.1
Project("{9A19103F-16F7-4668-BE54-9A1E7A4F7556}") = "HelloWorld", "HelloWolrd\HelloWorld.csproj", "{0622BBD0-122A-491B-A200-F105A920EA74}"
EndProject
Project("{9A19103F-16F7-4668-BE54-9A1E7A4F7556}") = "Classes", "MyClass\Classes.csproj", "{7DB6A85B-CE9C-401A-89AE-7B3C6471F900}"
EndProject
Project("{9A19103F-16F7-4668-BE54-9A1E7A4F7556}") = "ConsoleInput", "ConsoleInput\ConsoleInput.csproj", "{D294EF58-588E-4446-AED6-5815BA301077}"
EndProject
Project("{9A19103F-16F7-4668-BE54-9A1E7A4F7556}") = "PrintPyramid", "PrintPyramid\PrintPyramid.csproj", "{33E49F01-EA00-45CF-971B-286EBB11C8E3}"
EndProject
Project("{9A19103F-16F7-4668-BE54-9A1E7A4F7556}") = "BasicRecursion", "BasicRecursion\BasicRecursion.csproj", "{3D6A5FAF-DDCC-4B88-A210-502DA7442532}"
EndProject
Project("{9A19103F-16F7-4668-BE54-9A1E7A4F7556}") = "Reflection", "Reflection\Reflection.csproj", "{8FAF0959-0412-4884-9907-EFF9FC9AC314}"
EndProject
Project("{FAE04EC0-301F-11D3-BF4B-00C04F79EFBC}") = "TestLibrary", "TestLibrary\TestLibrary.csproj", "{2B37DE83-1533-4D4A-9948-7E437F321FF2}"
EndProject
Project("{9A19103F-16F7-4668-BE54-9A1E7A4F7556}") = "TestLibraryClient", "TestLibraryClient\TestLibraryClient.csproj", "{912FF2D9-E9A6-4631-B957-F01907758384}"
EndProject
Project("{9A19103F-16F7-4668-BE54-9A1E7A4F7556}") = "SampleLoggingClient", "SampleLoggingClient\SampleLoggingClient.csproj", "{2AE333B2-48A1-4EA5-BEB8-5713331E1D59}"
EndProject
Project("{FAE04EC0-301F-11D3-BF4B-00C04F79EFBC}") = "AsyncBreakfast", "AsyncBreakfast\AsyncBreakfast.csproj", "{4C641942-C446-44C8-A707-F2D29A62155D}"
EndProject
Project("{FAE04EC0-301F-11D3-BF4B-00C04F79EFBC}") = "AsyncTest", "AsyncTest\AsyncTest.csproj", "{ABBC1904-A5E1-4A41-A385-B962440F7003}"
EndProject
Global
	GlobalSection(SolutionConfigurationPlatforms) = preSolution
		Debug|Any CPU = Debug|Any CPU
		Release|Any CPU = Release|Any CPU
	EndGlobalSection
	GlobalSection(ProjectConfigurationPlatforms) = postSolution
		{0622BBD0-122A-491B-A200-F105A920EA74}.Debug|Any CPU.ActiveCfg = Debug|Any CPU
		{0622BBD0-122A-491B-A200-F105A920EA74}.Debug|Any CPU.Build.0 = Debug|Any CPU
		{0622BBD0-122A-491B-A200-F105A920EA74}.Release|Any CPU.ActiveCfg = Release|Any CPU
		{0622BBD0-122A-491B-A200-F105A920EA74}.Release|Any CPU.Build.0 = Release|Any CPU
		{7DB6A85B-CE9C-401A-89AE-7B3C6471F900}.Debug|Any CPU.ActiveCfg = Debug|Any CPU
		{7DB6A85B-CE9C-401A-89AE-7B3C6471F900}.Debug|Any CPU.Build.0 = Debug|Any CPU
		{7DB6A85B-CE9C-401A-89AE-7B3C6471F900}.Release|Any CPU.ActiveCfg = Release|Any CPU
		{7DB6A85B-CE9C-401A-89AE-7B3C6471F900}.Release|Any CPU.Build.0 = Release|Any CPU
		{D294EF58-588E-4446-AED6-5815BA301077}.Debug|Any CPU.ActiveCfg = Debug|Any CPU
		{D294EF58-588E-4446-AED6-5815BA301077}.Debug|Any CPU.Build.0 = Debug|Any CPU
		{D294EF58-588E-4446-AED6-5815BA301077}.Release|Any CPU.ActiveCfg = Release|Any CPU
		{D294EF58-588E-4446-AED6-5815BA301077}.Release|Any CPU.Build.0 = Release|Any CPU
		{33E49F01-EA00-45CF-971B-286EBB11C8E3}.Debug|Any CPU.ActiveCfg = Debug|Any CPU
		{33E49F01-EA00-45CF-971B-286EBB11C8E3}.Debug|Any CPU.Build.0 = Debug|Any CPU
		{33E49F01-EA00-45CF-971B-286EBB11C8E3}.Release|Any CPU.ActiveCfg = Release|Any CPU
		{33E49F01-EA00-45CF-971B-286EBB11C8E3}.Release|Any CPU.Build.0 = Release|Any CPU
		{3D6A5FAF-DDCC-4B88-A210-502DA7442532}.Debug|Any CPU.ActiveCfg = Debug|Any CPU
		{3D6A5FAF-DDCC-4B88-A210-502DA7442532}.Debug|Any CPU.Build.0 = Debug|Any CPU
		{3D6A5FAF-DDCC-4B88-A210-502DA7442532}.Release|Any CPU.ActiveCfg = Release|Any CPU
		{3D6A5FAF-DDCC-4B88-A210-502DA7442532}.Release|Any CPU.Build.0 = Release|Any CPU
		{8FAF0959-0412-4884-9907-EFF9FC9AC314}.Debug|Any CPU.ActiveCfg = Debug|Any CPU
		{8FAF0959-0412-4884-9907-EFF9FC9AC314}.Debug|Any CPU.Build.0 = Debug|Any CPU
		{8FAF0959-0412-4884-9907-EFF9FC9AC314}.Release|Any CPU.ActiveCfg = Release|Any CPU
		{8FAF0959-0412-4884-9907-EFF9FC9AC314}.Release|Any CPU.Build.0 = Release|Any CPU
		{2B37DE83-1533-4D4A-9948-7E437F321FF2}.Debug|Any CPU.ActiveCfg = Debug|Any CPU
		{2B37DE83-1533-4D4A-9948-7E437F321FF2}.Debug|Any CPU.Build.0 = Debug|Any CPU
		{2B37DE83-1533-4D4A-9948-7E437F321FF2}.Release|Any CPU.ActiveCfg = Release|Any CPU
		{2B37DE83-1533-4D4A-9948-7E437F321FF2}.Release|Any CPU.Build.0 = Release|Any CPU
		{912FF2D9-E9A6-4631-B957-F01907758384}.Debug|Any CPU.ActiveCfg = Debug|Any CPU
		{912FF2D9-E9A6-4631-B957-F01907758384}.Debug|Any CPU.Build.0 = Debug|Any CPU
		{912FF2D9-E9A6-4631-B957-F01907758384}.Release|Any CPU.ActiveCfg = Release|Any CPU
		{912FF2D9-E9A6-4631-B957-F01907758384}.Release|Any CPU.Build.0 = Release|Any CPU
		{2AE333B2-48A1-4EA5-BEB8-5713331E1D59}.Debug|Any CPU.ActiveCfg = Debug|Any CPU
		{2AE333B2-48A1-4EA5-BEB8-5713331E1D59}.Debug|Any CPU.Build.0 = Debug|Any CPU
		{2AE333B2-48A1-4EA5-BEB8-5713331E1D59}.Release|Any CPU.ActiveCfg = Release|Any CPU
		{2AE333B2-48A1-4EA5-BEB8-5713331E1D59}.Release|Any CPU.Build.0 = Release|Any CPU
		{4C641942-C446-44C8-A707-F2D29A62155D}.Debug|Any CPU.ActiveCfg = Debug|Any CPU
		{4C641942-C446-44C8-A707-F2D29A62155D}.Debug|Any CPU.Build.0 = Debug|Any CPU
		{4C641942-C446-44C8-A707-F2D29A62155D}.Release|Any CPU.ActiveCfg = Release|Any CPU
		{4C641942-C446-44C8-A707-F2D29A62155D}.Release|Any CPU.Build.0 = Release|Any CPU
		{ABBC1904-A5E1-4A41-A385-B962440F7003}.Debug|Any CPU.ActiveCfg = Debug|Any CPU
		{ABBC1904-A5E1-4A41-A385-B962440F7003}.Debug|Any CPU.Build.0 = Debug|Any CPU
		{ABBC1904-A5E1-4A41-A385-B962440F7003}.Release|Any CPU.ActiveCfg = Release|Any CPU
		{ABBC1904-A5E1-4A41-A385-B962440F7003}.Release|Any CPU.Build.0 = Release|Any CPU
	EndGlobalSection
	GlobalSection(SolutionProperties) = preSolution
		HideSolutionNode = FALSE
	EndGlobalSection
	GlobalSection(ExtensibilityGlobals) = postSolution
		SolutionGuid = {C6DFED78-38BF-4C73-98D3-A4F59B33D536}
	EndGlobalSection
EndGlobal
